
Microsoft Visual Studio Solution File, Format Version 12.00
# Visual Studio 2012
Project("{8BC9CEB8-8B4A-11D0-8D11-00A0C91BC942}") = "age_vs2012", "age_vs2012.vcxproj", "{61814E9B-D644-4EEE-993B-7614286EBF75}"
EndProject
Project("{2150E333-8FDC-42A3-9474-1A3956D46DE8}") = "test", "test", "{8A41DCB1-EA8F-4353-B0D7-6956FB9D4C98}"
EndProject
Project("{2150E333-8FDC-42A3-9474-1A3956D46DE8}") = "app", "app", "{07CBB279-2298-41BE-88F2-A67D48016B8E}"
EndProject
Project("{8BC9CEB8-8B4A-11D0-8D11-00A0C91BC942}") = "EmptyApp", "..\..\test\app\EmptyApp\EmptyApp.vcxproj", "{6E3069A2-CAED-43E9-8C27-1C8484394E5E}"
EndProject
Global
	GlobalSection(SolutionConfigurationPlatforms) = preSolution
		Debug|Win32 = Debug|Win32
		Release|Win32 = Release|Win32
	EndGlobalSection
	GlobalSection(ProjectConfigurationPlatforms) = postSolution
		{61814E9B-D644-4EEE-993B-7614286EBF75}.Debug|Win32.ActiveCfg = Debug|Win32
		{61814E9B-D644-4EEE-993B-7614286EBF75}.Debug|Win32.Build.0 = Debug|Win32
		{61814E9B-D644-4EEE-993B-7614286EBF75}.Release|Win32.ActiveCfg = Release|Win32
		{61814E9B-D644-4EEE-993B-7614286EBF75}.Release|Win32.Build.0 = Release|Win32
		{6E3069A2-CAED-43E9-8C27-1C8484394E5E}.Debug|Win32.ActiveCfg = Debug|Win32
		{6E3069A2-CAED-43E9-8C27-1C8484394E5E}.Debug|Win32.Build.0 = Debug|Win32
		{6E3069A2-CAED-43E9-8C27-1C8484394E5E}.Release|Win32.ActiveCfg = Release|Win32
		{6E3069A2-CAED-43E9-8C27-1C8484394E5E}.Release|Win32.Build.0 = Release|Win32
	EndGlobalSection
	GlobalSection(SolutionProperties) = preSolution
		HideSolutionNode = FALSE
	EndGlobalSection
	GlobalSection(NestedProjects) = preSolution
		{07CBB279-2298-41BE-88F2-A67D48016B8E} = {8A41DCB1-EA8F-4353-B0D7-6956FB9D4C98}
		{6E3069A2-CAED-43E9-8C27-1C8484394E5E} = {07CBB279-2298-41BE-88F2-A67D48016B8E}
	EndGlobalSection
EndGlobal
